
Microsoft Visual Studio Solution File, Format Version 12.00
# Visual Studio Version 17
VisualStudioVersion = 17.11.35327.3
MinimumVisualStudioVersion = 10.0.40219.1
Project("{FAE04EC0-301F-11D3-BF4B-00C04F79EFBC}") = "carter01test", "carter01test\carter01test.csproj", "{4A1D3F3A-BC23-483E-9F9E-16CDE602E183}"
EndProject
Global
	GlobalSection(SolutionConfigurationPlatforms) = preSolution
		Debug|Any CPU = Debug|Any CPU
		Release|Any CPU = Release|Any CPU
	EndGlobalSection
	GlobalSection(ProjectConfigurationPlatforms) = postSolution
		{4A1D3F3A-BC23-483E-9F9E-16CDE602E183}.Debug|Any CPU.ActiveCfg = Debug|Any CPU
		{4A1D3F3A-BC23-483E-9F9E-16CDE602E183}.Debug|Any CPU.Build.0 = Debug|Any CPU
		{4A1D3F3A-BC23-483E-9F9E-16CDE602E183}.Release|Any CPU.ActiveCfg = Release|Any CPU
		{4A1D3F3A-BC23-483E-9F9E-16CDE602E183}.Release|Any CPU.Build.0 = Release|Any CPU
	EndGlobalSection
	GlobalSection(SolutionProperties) = preSolution
		HideSolutionNode = FALSE
	EndGlobalSection
	GlobalSection(ExtensibilityGlobals) = postSolution
		SolutionGuid = {AB70124E-0EB7-40E5-925A-CE3D19B93A01}
	EndGlobalSection
EndGlobal
